
Microsoft Visual Studio Solution File, Format Version 12.00
# Visual Studio Version 17
VisualStudioVersion = 17.12.35707.178
MinimumVisualStudioVersion = 10.0.40219.1
Project("{FAE04EC0-301F-11D3-BF4B-00C04F79EFBC}") = "Blazor-Board", "Blazor-Board.csproj", "{C1810C39-C43D-4DB1-943B-82EB7A7A29EC}"
EndProject
Global
	GlobalSection(SolutionConfigurationPlatforms) = preSolution
		Debug|Any CPU = Debug|Any CPU
		Release|Any CPU = Release|Any CPU
	EndGlobalSection
	GlobalSection(ProjectConfigurationPlatforms) = postSolution
		{C1810C39-C43D-4DB1-943B-82EB7A7A29EC}.Debug|Any CPU.ActiveCfg = Debug|Any CPU
		{C1810C39-C43D-4DB1-943B-82EB7A7A29EC}.Debug|Any CPU.Build.0 = Debug|Any CPU
		{C1810C39-C43D-4DB1-943B-82EB7A7A29EC}.Release|Any CPU.ActiveCfg = Release|Any CPU
		{C1810C39-C43D-4DB1-943B-82EB7A7A29EC}.Release|Any CPU.Build.0 = Release|Any CPU
	EndGlobalSection
	GlobalSection(SolutionProperties) = preSolution
		HideSolutionNode = FALSE
	EndGlobalSection
	GlobalSection(ExtensibilityGlobals) = postSolution
		SolutionGuid = {65114536-5E43-494A-9F93-451E48654EC9}
	EndGlobalSection
EndGlobal
